// !$*UTF8*$!
{
	archiveVersion = 1;
	classes = {
	};
	objectVersion = 42;
	objects = {

/* Begin PBXBuildFile section */
		01D8EB3FA1277338705EF002 /* moc_HomeScreen.cpp in Build Sources */ = {isa = PBXBuildFile; fileRef = CB91DC9AFA0E21C3A399190F /* moc_HomeScreen.cpp */; settings = {ATTRIBUTES = (); }; };
		069D05B0128AE5DC7EE31738 /* QtCore.framework in Frameworks & Libraries */ = {isa = PBXBuildFile; fileRef = 7BC2E65A5E699A5E5D834CA2 /* QtCore.framework */; };
		08D8EC4D0C273BC5E194E43D /* QtSvg.framework in Frameworks & Libraries */ = {isa = PBXBuildFile; fileRef = 2D7FF9EBB69BCF2C19DC629B /* QtSvg.framework */; };
		0A4F48DDDF8B700E82A2F4A5 /* MtlLoader.cpp in Build Sources */ = {isa = PBXBuildFile; fileRef = 9A2B637AC4A30359DBEF3EBA /* MtlLoader.cpp */; settings = {ATTRIBUTES = (); }; };
		0C6D4628EE0B0D1479A20551 /* AGL.framework in Frameworks & Libraries */ = {isa = PBXBuildFile; fileRef = C6766F86E49E9C8701C8E637 /* AGL.framework */; };
		17F38B403AD159035AB1506C /* moc_MainScene.cpp in Build Sources */ = {isa = PBXBuildFile; fileRef = 04962C6F55FB55557C9FD560 /* moc_MainScene.cpp */; settings = {ATTRIBUTES = (); }; };
		36FDDA035446492246313663 /* GraphicsView.cpp in Build Sources */ = {isa = PBXBuildFile; fileRef = 2ED7751F608F126B92193F3B /* GraphicsView.cpp */; settings = {ATTRIBUTES = (); }; };
		3A247C79376D7E1FEA8D72B7 /* MetaballCanvas.cpp in Build Sources */ = {isa = PBXBuildFile; fileRef = 4F8685DD7334E33DFE84B494 /* MetaballCanvas.cpp */; settings = {ATTRIBUTES = (); }; };
		41569C8A8920C770CF409E9A /* GLUT.framework in Frameworks & Libraries */ = {isa = PBXBuildFile; fileRef = 998A1319FFA084ADB552E479 /* GLUT.framework */; };
		450A0D11527AF164AEFE7377 /* QtOpenGL.framework in Frameworks & Libraries */ = {isa = PBXBuildFile; fileRef = C374004D45E01156F931B37D /* QtOpenGL.framework */; };
		501667F26B3C1FF6767A7C12 /* QtGui.framework in Frameworks & Libraries */ = {isa = PBXBuildFile; fileRef = 9B36DA7E32F0304E780E7972 /* QtGui.framework */; };
		5C44DBAFD68609FA83538D80 /* BluePrintDetect.cpp in Build Sources */ = {isa = PBXBuildFile; fileRef = 79A9EC8DF3D2B906ACDEE802 /* BluePrintDetect.cpp */; settings = {ATTRIBUTES = (); }; };
		5E776814E7756D95B00E500F /* ObjLoaderCodes.cpp in Build Sources */ = {isa = PBXBuildFile; fileRef = FEC53AC03C18172B46EECE16 /* ObjLoaderCodes.cpp */; settings = {ATTRIBUTES = (); }; };
		66D1CFEDD38D8DCEB8EA7383 /* MtlLoaderCodes.cpp in Build Sources */ = {isa = PBXBuildFile; fileRef = DCBE774DF67D9DAD2FE51695 /* MtlLoaderCodes.cpp */; settings = {ATTRIBUTES = (); }; };
		6FD12C05D1173378819EFF02 /* moc_GraphicsView.cpp in Build Sources */ = {isa = PBXBuildFile; fileRef = 3BCBED768A8E8163ADCC2AD0 /* moc_GraphicsView.cpp */; settings = {ATTRIBUTES = (); }; };
		796683C49CF16E00D8F18E70 /* qrc_resources.cpp in Build Sources */ = {isa = PBXBuildFile; fileRef = AC543B7337C154605E763DA6 /* qrc_resources.cpp */; settings = {ATTRIBUTES = (); }; };
		B0181F3C1825D15ECD240886 /* MainScene.cpp in Build Sources */ = {isa = PBXBuildFile; fileRef = EAF9AA957835F5256127630B /* MainScene.cpp */; settings = {ATTRIBUTES = (); }; };
		BCEF71E1EDFB18DA77DC750B /* OpenGL.framework in Frameworks & Libraries */ = {isa = PBXBuildFile; fileRef = DA18A6831232F53228631AD1 /* OpenGL.framework */; };
		C2643FEB592DBFD1429BE4E1 /* QtXml.framework in Frameworks & Libraries */ = {isa = PBXBuildFile; fileRef = 8EE92F8FA333C9E415C5B34E /* QtXml.framework */; };
		C5F056F27135DC2C954BAF8A /* Levels.cpp in Build Sources */ = {isa = PBXBuildFile; fileRef = 2E37EB353839BEFDCD7FD90D /* Levels.cpp */; settings = {ATTRIBUTES = (); }; };
		CF5450440D4C370A449BBB6B /* BluePrintHUD.cpp in Build Sources */ = {isa = PBXBuildFile; fileRef = F5065AD5E7EAA32E8D5BBEE1 /* BluePrintHUD.cpp */; settings = {ATTRIBUTES = (); }; };
		DBF592F4CB0D12BA9B70B929 /* HomeScreen.cpp in Build Sources */ = {isa = PBXBuildFile; fileRef = 9534CC433110D39C6EB142A3 /* HomeScreen.cpp */; settings = {ATTRIBUTES = (); }; };
		DCF233696ED36C5052AC9160 /* HUDWidget.cpp in Build Sources */ = {isa = PBXBuildFile; fileRef = F5A09D0402AA6843A246DE8E /* HUDWidget.cpp */; settings = {ATTRIBUTES = (); }; };
		DF9ED058BB8FBA211DDC4D62 /* ObjLoader.cpp in Build Sources */ = {isa = PBXBuildFile; fileRef = 971948060541802D6B3497C6 /* ObjLoader.cpp */; settings = {ATTRIBUTES = (); }; };
		F0842129135A475600BC5D4A /* CloudFactory.app in Project Copy */ = {isa = PBXBuildFile; fileRef = F0842126135A475500BC5D4A /* CloudFactory.app */; };
		FA899CEA0BC3739C9BF0DC55 /* marchingcubes.cpp in Build Sources */ = {isa = PBXBuildFile; fileRef = 3E128FBEE267263828B2D63B /* marchingcubes.cpp */; settings = {ATTRIBUTES = (); }; };
		FD1638E377D97C82BDB438FB /* main.cpp in Build Sources */ = {isa = PBXBuildFile; fileRef = 7EC3C68A81EFFF79B6CA22AC /* main.cpp */; settings = {ATTRIBUTES = (); }; };
/* End PBXBuildFile section */

/* Begin PBXCopyFilesBuildPhase section */
		F6069D5A5DA8AA28EDB8B3C6 /* Project Copy */ = {
			isa = PBXCopyFilesBuildPhase;
			buildActionMask = 2147483647;
			dstPath = /Users/timothyluciani/Dropbox/GIT/cloudfactory/prototypes/QtProj/build;
			dstSubfolderSpec = 0;
			files = (
				F0842129135A475600BC5D4A /* CloudFactory.app in Project Copy */,
			);
			name = "Project Copy";
			runOnlyForDeploymentPostprocessing = 0;
		};
/* End PBXCopyFilesBuildPhase section */

/* Begin PBXFileReference section */
		04962C6F55FB55557C9FD560 /* moc_MainScene.cpp */ = {isa = PBXFileReference; lastKnownFileType = sourcecode.cpp.cpp; name = moc_MainScene.cpp; path = tmp/moc/moc_MainScene.cpp; sourceTree = "<group>"; };
		058F84791D3B3C38C3AEDBEC /* CloudFactory.pro */ = {isa = PBXFileReference; lastKnownFileType = text; path = CloudFactory.pro; sourceTree = "<group>"; };
		15E0846EF40BBFDC41D42F1C /* marchingcubes.hpp */ = {isa = PBXFileReference; lastKnownFileType = sourcecode.cpp.h; name = marchingcubes.hpp; path = src/marchingcubes.hpp; sourceTree = "<group>"; };
		28040D5C89B120DEC9E64354 /* MainScene.h */ = {isa = PBXFileReference; lastKnownFileType = sourcecode.c.h; name = MainScene.h; path = src/MainScene.h; sourceTree = "<group>"; };
		2D7FF9EBB69BCF2C19DC629B /* QtSvg.framework */ = {isa = PBXFileReference; lastKnownFileType = wrapper.framework; name = QtSvg.framework; path = /Library/Frameworks/QtSvg.framework; sourceTree = "<absolute>"; };
		2E37EB353839BEFDCD7FD90D /* Levels.cpp */ = {isa = PBXFileReference; lastKnownFileType = sourcecode.cpp.cpp; name = Levels.cpp; path = src/Levels.cpp; sourceTree = "<group>"; };
		2ED7751F608F126B92193F3B /* GraphicsView.cpp */ = {isa = PBXFileReference; lastKnownFileType = sourcecode.cpp.cpp; name = GraphicsView.cpp; path = src/GraphicsView.cpp; sourceTree = "<group>"; };
		3A1F1FF141BCB4F3F8D9A821 /* MtlLoader.h */ = {isa = PBXFileReference; lastKnownFileType = sourcecode.c.h; name = MtlLoader.h; path = src/MtlLoader.h; sourceTree = "<group>"; };
		3BCBED768A8E8163ADCC2AD0 /* moc_GraphicsView.cpp */ = {isa = PBXFileReference; lastKnownFileType = sourcecode.cpp.cpp; name = moc_GraphicsView.cpp; path = tmp/moc/moc_GraphicsView.cpp; sourceTree = "<group>"; };
		3E128FBEE267263828B2D63B /* marchingcubes.cpp */ = {isa = PBXFileReference; lastKnownFileType = sourcecode.cpp.cpp; name = marchingcubes.cpp; path = src/marchingcubes.cpp; sourceTree = "<group>"; };
		44E8C9686A2063C579303FC8 /* Levels.h */ = {isa = PBXFileReference; lastKnownFileType = sourcecode.c.h; name = Levels.h; path = src/Levels.h; sourceTree = "<group>"; };
		4A7B2B45EDAE8E36E206770D /* BluePrintHUD.h */ = {isa = PBXFileReference; lastKnownFileType = sourcecode.c.h; name = BluePrintHUD.h; path = src/BluePrintHUD.h; sourceTree = "<group>"; };
		4F8685DD7334E33DFE84B494 /* MetaballCanvas.cpp */ = {isa = PBXFileReference; lastKnownFileType = sourcecode.cpp.cpp; name = MetaballCanvas.cpp; path = src/MetaballCanvas.cpp; sourceTree = "<group>"; };
		6AC214E2288B17EBE969F4B9 /* ObjLoader.h */ = {isa = PBXFileReference; lastKnownFileType = sourcecode.c.h; name = ObjLoader.h; path = src/ObjLoader.h; sourceTree = "<group>"; };
		7085F5C012B2DE8E6565E930 /* BluePrintDetect.h */ = {isa = PBXFileReference; lastKnownFileType = sourcecode.c.h; name = BluePrintDetect.h; path = src/BluePrintDetect.h; sourceTree = "<group>"; };
		79A9EC8DF3D2B906ACDEE802 /* BluePrintDetect.cpp */ = {isa = PBXFileReference; lastKnownFileType = sourcecode.cpp.cpp; name = BluePrintDetect.cpp; path = src/BluePrintDetect.cpp; sourceTree = "<group>"; };
		7BC2E65A5E699A5E5D834CA2 /* QtCore.framework */ = {isa = PBXFileReference; lastKnownFileType = wrapper.framework; name = QtCore.framework; path = /Library/Frameworks/QtCore.framework; sourceTree = "<absolute>"; };
		7EC3C68A81EFFF79B6CA22AC /* main.cpp */ = {isa = PBXFileReference; lastKnownFileType = sourcecode.cpp.cpp; name = main.cpp; path = src/main.cpp; sourceTree = "<group>"; };
		82A0FE745A49FA5AE75EBD33 /* HUDWidget.h */ = {isa = PBXFileReference; lastKnownFileType = sourcecode.c.h; name = HUDWidget.h; path = src/HUDWidget.h; sourceTree = "<group>"; };
		8EE92F8FA333C9E415C5B34E /* QtXml.framework */ = {isa = PBXFileReference; lastKnownFileType = wrapper.framework; name = QtXml.framework; path = /Library/Frameworks/QtXml.framework; sourceTree = "<absolute>"; };
		9534CC433110D39C6EB142A3 /* HomeScreen.cpp */ = {isa = PBXFileReference; lastKnownFileType = sourcecode.cpp.cpp; name = HomeScreen.cpp; path = src/HomeScreen.cpp; sourceTree = "<group>"; };
		971948060541802D6B3497C6 /* ObjLoader.cpp */ = {isa = PBXFileReference; lastKnownFileType = sourcecode.cpp.cpp; name = ObjLoader.cpp; path = src/ObjLoader.cpp; sourceTree = "<group>"; };
		998A1319FFA084ADB552E479 /* GLUT.framework */ = {isa = PBXFileReference; lastKnownFileType = wrapper.framework; name = GLUT.framework; path = /System/Library/Frameworks/GLUT.framework; sourceTree = "<absolute>"; };
		9A2B637AC4A30359DBEF3EBA /* MtlLoader.cpp */ = {isa = PBXFileReference; lastKnownFileType = sourcecode.cpp.cpp; name = MtlLoader.cpp; path = src/MtlLoader.cpp; sourceTree = "<group>"; };
		9B36DA7E32F0304E780E7972 /* QtGui.framework */ = {isa = PBXFileReference; lastKnownFileType = wrapper.framework; name = QtGui.framework; path = /Library/Frameworks/QtGui.framework; sourceTree = "<absolute>"; };
		A8045C1644BEF096439848D2 /* CloudModel.hpp */ = {isa = PBXFileReference; lastKnownFileType = sourcecode.cpp.h; name = CloudModel.hpp; path = src/CloudModel.hpp; sourceTree = "<group>"; };
		A988A788CB2A5C5ACD40D92B /* GraphicsView.h */ = {isa = PBXFileReference; lastKnownFileType = sourcecode.c.h; name = GraphicsView.h; path = src/GraphicsView.h; sourceTree = "<group>"; };
		AB0328AB8DFC846100D20771 /* MetaballCanvas.hpp */ = {isa = PBXFileReference; lastKnownFileType = sourcecode.cpp.h; name = MetaballCanvas.hpp; path = src/MetaballCanvas.hpp; sourceTree = "<group>"; };
		AB453A8342605CCA703B63FB /* HomeScreen.h */ = {isa = PBXFileReference; lastKnownFileType = sourcecode.c.h; name = HomeScreen.h; path = src/HomeScreen.h; sourceTree = "<group>"; };
		AC543B7337C154605E763DA6 /* qrc_resources.cpp */ = {isa = PBXFileReference; lastKnownFileType = sourcecode.cpp.cpp; name = qrc_resources.cpp; path = tmp/rcc/qrc_resources.cpp; sourceTree = "<group>"; };
		BA015C8ACB7FBB90BF64A5A4 /* Cannons.hpp */ = {isa = PBXFileReference; lastKnownFileType = sourcecode.cpp.h; name = Cannons.hpp; path = src/Cannons.hpp; sourceTree = "<group>"; };
		C374004D45E01156F931B37D /* QtOpenGL.framework */ = {isa = PBXFileReference; lastKnownFileType = wrapper.framework; name = QtOpenGL.framework; path = /Library/Frameworks/QtOpenGL.framework; sourceTree = "<absolute>"; };
		C6766F86E49E9C8701C8E637 /* AGL.framework */ = {isa = PBXFileReference; lastKnownFileType = wrapper.framework; name = AGL.framework; path = /System/Library/Frameworks/AGL.framework; sourceTree = "<absolute>"; };
		CB91DC9AFA0E21C3A399190F /* moc_HomeScreen.cpp */ = {isa = PBXFileReference; lastKnownFileType = sourcecode.cpp.cpp; name = moc_HomeScreen.cpp; path = tmp/moc/moc_HomeScreen.cpp; sourceTree = "<group>"; };
		D7DA6145AB9539ECDE332D13 /* resources.qrc */ = {isa = PBXFileReference; lastKnownFileType = text; path = resources.qrc; sourceTree = "<group>"; };
		DA18A6831232F53228631AD1 /* OpenGL.framework */ = {isa = PBXFileReference; lastKnownFileType = wrapper.framework; name = OpenGL.framework; path = /System/Library/Frameworks/OpenGL.framework; sourceTree = "<absolute>"; };
		DCBE774DF67D9DAD2FE51695 /* MtlLoaderCodes.cpp */ = {isa = PBXFileReference; lastKnownFileType = sourcecode.cpp.cpp; name = MtlLoaderCodes.cpp; path = src/MtlLoaderCodes.cpp; sourceTree = "<group>"; };
		EAF9AA957835F5256127630B /* MainScene.cpp */ = {isa = PBXFileReference; lastKnownFileType = sourcecode.cpp.cpp; name = MainScene.cpp; path = src/MainScene.cpp; sourceTree = "<group>"; };
		F0842126135A475500BC5D4A /* CloudFactory.app */ = {isa = PBXFileReference; explicitFileType = wrapper.application; includeInIndex = 0; path = CloudFactory.app; sourceTree = BUILT_PRODUCTS_DIR; };
		F5065AD5E7EAA32E8D5BBEE1 /* BluePrintHUD.cpp */ = {isa = PBXFileReference; lastKnownFileType = sourcecode.cpp.cpp; name = BluePrintHUD.cpp; path = src/BluePrintHUD.cpp; sourceTree = "<group>"; };
		F5A09D0402AA6843A246DE8E /* HUDWidget.cpp */ = {isa = PBXFileReference; lastKnownFileType = sourcecode.cpp.cpp; name = HUDWidget.cpp; path = src/HUDWidget.cpp; sourceTree = "<group>"; };
		FEC53AC03C18172B46EECE16 /* ObjLoaderCodes.cpp */ = {isa = PBXFileReference; lastKnownFileType = sourcecode.cpp.cpp; name = ObjLoaderCodes.cpp; path = src/ObjLoaderCodes.cpp; sourceTree = "<group>"; };
/* End PBXFileReference section */

/* Begin PBXFrameworksBuildPhase section */
		2A1043669E6E5A7426EA502A /* Frameworks & Libraries */ = {
			isa = PBXFrameworksBuildPhase;
			buildActionMask = 2147483647;
			files = (
				08D8EC4D0C273BC5E194E43D /* QtSvg.framework in Frameworks & Libraries */,
				41569C8A8920C770CF409E9A /* GLUT.framework in Frameworks & Libraries */,
				C2643FEB592DBFD1429BE4E1 /* QtXml.framework in Frameworks & Libraries */,
				450A0D11527AF164AEFE7377 /* QtOpenGL.framework in Frameworks & Libraries */,
				501667F26B3C1FF6767A7C12 /* QtGui.framework in Frameworks & Libraries */,
				069D05B0128AE5DC7EE31738 /* QtCore.framework in Frameworks & Libraries */,
				BCEF71E1EDFB18DA77DC750B /* OpenGL.framework in Frameworks & Libraries */,
				0C6D4628EE0B0D1479A20551 /* AGL.framework in Frameworks & Libraries */,
			);
			name = "Frameworks & Libraries";
			runOnlyForDeploymentPostprocessing = 0;
		};
/* End PBXFrameworksBuildPhase section */

/* Begin PBXGroup section */
		05596AB53D8D521C69802C27 /* CloudFactory */ = {
			isa = PBXGroup;
			children = (
				FB61758D0F0FDA4BA867C3D5 /* Sources */,
				46E892BBB6BB6952967E0561 /* Temporary Sources */,
				883D7615C4D2DE3FA1218F12 /* Headers */,
				7CABE3C80E79AD2B307756D2 /* Sources [qmake] */,
				52C235EBF1C9B07808119459 /* Sources [RCC] */,
				ED1E82605DD74B483AF3C982 /* External Frameworks and Libraries */,
				F0842127135A475500BC5D4A /* Products */,
			);
			name = CloudFactory;
			sourceTree = "<group>";
		};
		06674E1DE8D3EB6E763DFFDA /* src */ = {
			isa = PBXGroup;
			children = (
				79A9EC8DF3D2B906ACDEE802 /* BluePrintDetect.cpp */,
				F5065AD5E7EAA32E8D5BBEE1 /* BluePrintHUD.cpp */,
				2ED7751F608F126B92193F3B /* GraphicsView.cpp */,
				9534CC433110D39C6EB142A3 /* HomeScreen.cpp */,
				F5A09D0402AA6843A246DE8E /* HUDWidget.cpp */,
				2E37EB353839BEFDCD7FD90D /* Levels.cpp */,
				7EC3C68A81EFFF79B6CA22AC /* main.cpp */,
				EAF9AA957835F5256127630B /* MainScene.cpp */,
				3E128FBEE267263828B2D63B /* marchingcubes.cpp */,
				4F8685DD7334E33DFE84B494 /* MetaballCanvas.cpp */,
				9A2B637AC4A30359DBEF3EBA /* MtlLoader.cpp */,
				DCBE774DF67D9DAD2FE51695 /* MtlLoaderCodes.cpp */,
				971948060541802D6B3497C6 /* ObjLoader.cpp */,
				FEC53AC03C18172B46EECE16 /* ObjLoaderCodes.cpp */,
			);
			name = src;
			sourceTree = "<group>";
		};
		1822DBD1C59A119596E70204 /* moc */ = {
			isa = PBXGroup;
			children = (
				3BCBED768A8E8163ADCC2AD0 /* moc_GraphicsView.cpp */,
				CB91DC9AFA0E21C3A399190F /* moc_HomeScreen.cpp */,
				04962C6F55FB55557C9FD560 /* moc_MainScene.cpp */,
			);
			name = moc;
			sourceTree = "<group>";
		};
		46E892BBB6BB6952967E0561 /* Temporary Sources */ = {
			isa = PBXGroup;
			children = (
				809C95202CC4715125167AB1 /* tmp */,
			);
			name = "Temporary Sources";
			sourceTree = "<group>";
		};
		52C235EBF1C9B07808119459 /* Sources [RCC] */ = {
			isa = PBXGroup;
			children = (
				D7DA6145AB9539ECDE332D13 /* resources.qrc */,
			);
			name = "Sources [RCC]";
			sourceTree = "<group>";
		};
		7CABE3C80E79AD2B307756D2 /* Sources [qmake] */ = {
			isa = PBXGroup;
			children = (
				058F84791D3B3C38C3AEDBEC /* CloudFactory.pro */,
			);
			name = "Sources [qmake]";
			sourceTree = "<group>";
		};
		809C95202CC4715125167AB1 /* tmp */ = {
			isa = PBXGroup;
			children = (
				1822DBD1C59A119596E70204 /* moc */,
				E5650ECD64029BAB781A29A6 /* rcc */,
			);
			name = tmp;
			sourceTree = "<group>";
		};
		883D7615C4D2DE3FA1218F12 /* Headers */ = {
			isa = PBXGroup;
			children = (
				F4AF6147B42623F6B3284738 /* src */,
			);
			name = Headers;
			sourceTree = "<group>";
		};
		E5650ECD64029BAB781A29A6 /* rcc */ = {
			isa = PBXGroup;
			children = (
				AC543B7337C154605E763DA6 /* qrc_resources.cpp */,
			);
			name = rcc;
			sourceTree = "<group>";
		};
		ED1E82605DD74B483AF3C982 /* External Frameworks and Libraries */ = {
			isa = PBXGroup;
			children = (
				2D7FF9EBB69BCF2C19DC629B /* QtSvg.framework */,
				998A1319FFA084ADB552E479 /* GLUT.framework */,
				8EE92F8FA333C9E415C5B34E /* QtXml.framework */,
				C374004D45E01156F931B37D /* QtOpenGL.framework */,
				9B36DA7E32F0304E780E7972 /* QtGui.framework */,
				7BC2E65A5E699A5E5D834CA2 /* QtCore.framework */,
				DA18A6831232F53228631AD1 /* OpenGL.framework */,
				C6766F86E49E9C8701C8E637 /* AGL.framework */,
			);
			name = "External Frameworks and Libraries";
			sourceTree = "<group>";
		};
		F0842127135A475500BC5D4A /* Products */ = {
			isa = PBXGroup;
			children = (
				F0842126135A475500BC5D4A /* CloudFactory.app */,
			);
			name = Products;
			sourceTree = "<group>";
		};
		F4AF6147B42623F6B3284738 /* src */ = {
			isa = PBXGroup;
			children = (
				BA015C8ACB7FBB90BF64A5A4 /* Cannons.hpp */,
				A8045C1644BEF096439848D2 /* CloudModel.hpp */,
				15E0846EF40BBFDC41D42F1C /* marchingcubes.hpp */,
				AB0328AB8DFC846100D20771 /* MetaballCanvas.hpp */,
				7085F5C012B2DE8E6565E930 /* BluePrintDetect.h */,
				4A7B2B45EDAE8E36E206770D /* BluePrintHUD.h */,
				A988A788CB2A5C5ACD40D92B /* GraphicsView.h */,
				AB453A8342605CCA703B63FB /* HomeScreen.h */,
				82A0FE745A49FA5AE75EBD33 /* HUDWidget.h */,
				44E8C9686A2063C579303FC8 /* Levels.h */,
				28040D5C89B120DEC9E64354 /* MainScene.h */,
				3A1F1FF141BCB4F3F8D9A821 /* MtlLoader.h */,
				6AC214E2288B17EBE969F4B9 /* ObjLoader.h */,
			);
			name = src;
			sourceTree = "<group>";
		};
		FB61758D0F0FDA4BA867C3D5 /* Sources */ = {
			isa = PBXGroup;
			children = (
				06674E1DE8D3EB6E763DFFDA /* src */,
			);
			name = Sources;
			sourceTree = "<group>";
		};
/* End PBXGroup section */

/* Begin PBXNativeTarget section */
		2A165002224AA4EE4F32A692 /* CloudFactory */ = {
			isa = PBXNativeTarget;
			buildConfigurationList = F0842132135A477400BC5D4A /* Build configuration list for PBXNativeTarget "CloudFactory" */;
			buildPhases = (
				D7BA7D76DAB5DD13389D6332 /* Qt Qmake */,
				A0A52A2ADF7A1E2A99738674 /* Qt Preprocessors */,
				F6069D5A5DA8AA28EDB8B3C6 /* Project Copy */,
				C29B8785722055ED95EF7B57 /* Build Sources */,
				2A1043669E6E5A7426EA502A /* Frameworks & Libraries */,
				3787F99312C85FF0073FD7BA /* Bundle Resources */,
			);
			buildRules = (
			);
			dependencies = (
			);
			name = CloudFactory;
			productInstallPath = build/;
			productName = CloudFactory;
			productReference = F0842126135A475500BC5D4A /* CloudFactory.app */;
			productType = "com.apple.product-type.application";
		};
/* End PBXNativeTarget section */

/* Begin PBXProject section */
		91B15E841AA80083484172DE /* Project object */ = {
			isa = PBXProject;
			buildConfigurationList = 2A951308CDB28F104D0A4BD2 /* Build configuration list for PBXProject "CloudFactory" */;
			compatibilityVersion = "Xcode 2.4";
			hasScannedForEncodings = 1;
			mainGroup = 05596AB53D8D521C69802C27 /* CloudFactory */;
			productRefGroup = F0842127135A475500BC5D4A /* Products */;
			projectDirPath = "";
			projectRoot = "";
			targets = (
				2A165002224AA4EE4F32A692 /* CloudFactory */,
			);
		};
/* End PBXProject section */

/* Begin PBXResourcesBuildPhase section */
		3787F99312C85FF0073FD7BA /* Bundle Resources */ = {
			isa = PBXResourcesBuildPhase;
			buildActionMask = 2147483647;
			files = (
			);
			name = "Bundle Resources";
			runOnlyForDeploymentPostprocessing = 0;
		};
/* End PBXResourcesBuildPhase section */

/* Begin PBXShellScriptBuildPhase section */
		A0A52A2ADF7A1E2A99738674 /* Qt Preprocessors */ = {
			isa = PBXShellScriptBuildPhase;
			buildActionMask = 2147483647;
			files = (
			);
			name = "Qt Preprocessors";
			runOnlyForDeploymentPostprocessing = 0;
			shellPath = /bin/sh;
			shellScript = "make -C /Users/timothyluciani/Dropbox/GIT/cloudfactory/prototypes/QtProj -f 'CloudFactory.xcodeproj/qt_preprocess.mak'";
		};
		D7BA7D76DAB5DD13389D6332 /* Qt Qmake */ = {
			isa = PBXShellScriptBuildPhase;
			buildActionMask = 2147483647;
			files = (
			);
			name = "Qt Qmake";
			runOnlyForDeploymentPostprocessing = 0;
			shellPath = /bin/sh;
			shellScript = "make -C /Users/timothyluciani/Dropbox/GIT/cloudfactory/prototypes/QtProj -f 'CloudFactory.xcodeproj/qt_makeqmake.mak'";
		};
/* End PBXShellScriptBuildPhase section */

/* Begin PBXSourcesBuildPhase section */
		C29B8785722055ED95EF7B57 /* Build Sources */ = {
			isa = PBXSourcesBuildPhase;
			buildActionMask = 2147483647;
			files = (
				5C44DBAFD68609FA83538D80 /* BluePrintDetect.cpp in Build Sources */,
				CF5450440D4C370A449BBB6B /* BluePrintHUD.cpp in Build Sources */,
				36FDDA035446492246313663 /* GraphicsView.cpp in Build Sources */,
				DBF592F4CB0D12BA9B70B929 /* HomeScreen.cpp in Build Sources */,
				DCF233696ED36C5052AC9160 /* HUDWidget.cpp in Build Sources */,
				C5F056F27135DC2C954BAF8A /* Levels.cpp in Build Sources */,
				FD1638E377D97C82BDB438FB /* main.cpp in Build Sources */,
				B0181F3C1825D15ECD240886 /* MainScene.cpp in Build Sources */,
				FA899CEA0BC3739C9BF0DC55 /* marchingcubes.cpp in Build Sources */,
				3A247C79376D7E1FEA8D72B7 /* MetaballCanvas.cpp in Build Sources */,
				0A4F48DDDF8B700E82A2F4A5 /* MtlLoader.cpp in Build Sources */,
				66D1CFEDD38D8DCEB8EA7383 /* MtlLoaderCodes.cpp in Build Sources */,
				DF9ED058BB8FBA211DDC4D62 /* ObjLoader.cpp in Build Sources */,
				5E776814E7756D95B00E500F /* ObjLoaderCodes.cpp in Build Sources */,
				6FD12C05D1173378819EFF02 /* moc_GraphicsView.cpp in Build Sources */,
				01D8EB3FA1277338705EF002 /* moc_HomeScreen.cpp in Build Sources */,
				17F38B403AD159035AB1506C /* moc_MainScene.cpp in Build Sources */,
				796683C49CF16E00D8F18E70 /* qrc_resources.cpp in Build Sources */,
			);
			name = "Build Sources";
			runOnlyForDeploymentPostprocessing = 0;
		};
/* End PBXSourcesBuildPhase section */

/* Begin XCBuildConfiguration section */
		8DB1DD96F65B1BF1FFC506E0 /* Debug */ = {
			isa = XCBuildConfiguration;
			buildSettings = {
				COPY_PHASE_STRIP = NO;
				GCC_GENERATE_DEBUGGING_SYMBOLS = YES;
				GCC_OPTIMIZATION_LEVEL = 0;
			};
			name = Debug;
		};
		95E1EB2E5DDD587BE5B3E548 /* Release */ = {
			isa = XCBuildConfiguration;
			buildSettings = {
				COPY_PHASE_STRIP = YES;
				GCC_GENERATE_DEBUGGING_SYMBOLS = NO;
			};
			name = Release;
		};
		F084212D135A475600BC5D4A /* Debug */ = {
			isa = XCBuildConfiguration;
			buildSettings = {
				BUILD_ROOT = /Users/timothyluciani/Dropbox/GIT/cloudfactory/prototypes/QtProj;
				COPY_PHASE_STRIP = NO;
				DYLIB_COMPATIBILITY_VERSION = 1.0;
				DYLIB_CURRENT_VERSION = 1.0.0;
				GCC_GENERATE_DEBUGGING_SYMBOLS = YES;
				GCC_OPTIMIZATION_LEVEL = 0;
				HEADER_SEARCH_PATHS = (
					/Library/Frameworks/QtCore.framework/Versions/4/Headers,
					/usr/include/QtCore,
					/Library/Frameworks/QtGui.framework/Versions/4/Headers,
					/usr/include/QtGui,
					/Library/Frameworks/QtOpenGL.framework/Versions/4/Headers,
					/usr/include/QtOpenGL,
					/Library/Frameworks/QtXml.framework/Versions/4/Headers,
					/usr/include/QtXml,
					/usr/include,
					"$(WM5_PATH)/SDK/Include",
					.,
					/System/Library/Frameworks/OpenGL.framework/Versions/A/Headers,
					/System/Library/Frameworks/AGL.framework/Headers,
					tmp/moc,
					/usr/local/include,
					/System/Library/Frameworks/CarbonCore.framework/Headers,
					"/usr/local/Qt4.7/mkspecs/macx-xcode",
				);
				INFOPLIST_FILE = Info.plist;
				INSTALL_DIR = /Users/timothyluciani/Dropbox/GIT/cloudfactory/prototypes/QtProj/build/;
				LEXFLAGS = "";
				LIBRARY_SEARCH_PATHS = (
					/Library/Frameworks,
					"/tmp/qt-stuff-6474/source/qt-everywhere-opensource-src-4.7.0/lib",
					/System/Library/Frameworks/,
				);
				MACOSX_DEPLOYMENT_TARGET = 10.4;
				OBJROOT = tmp/obj/;
				OTHER_CFLAGS = (
					"-pipe",
					"-g",
					"-Wall",
					"-W",
					"-DQT_XML_LIB",
					"-DQT_OPENGL_LIB",
					"-DQT_GUI_LIB",
					"-DQT_CORE_LIB",
					"-DQT_SHARED",
				);
				OTHER_CPLUSPLUSFLAGS = (
					"-pipe",
					"-arch",
					i386,
					"-g",
					"-Wall",
					"-W",
					"-DQT_XML_LIB",
					"-DQT_OPENGL_LIB",
					"-DQT_GUI_LIB",
					"-DQT_CORE_LIB",
					"-DQT_SHARED",
				);
				OTHER_LDFLAGS = (
					"-headerpad_max_install_names",
					"-arch",
					i386,
					"-L/Library/Frameworks",
					"-F/Library/Frameworks",
					"-L/tmp/qt-stuff-6474/source/qt-everywhere-opensource-src-4.7.0/lib",
					"-F/tmp/qt-stuff-6474/source/qt-everywhere-opensource-src-4.7.0/lib",
					"$(WM5_PATH)/SDK/Library/Release/libWm5AglApplication.a",
					"$(WM5_PATH)/SDK/Library/Release/libWm5AglGraphics.a",
					"$(WM5_PATH)/SDK/Library/Release/libWm5Core.a",
					"$(WM5_PATH)/SDK/Library/Release/libWm5Mathematics.a",
					"$(WM5_PATH)/SDK/Library/Release/libWm5Physics.a",
				);
				OTHER_REZFLAGS = "";
				PREBINDING = NO;
				PRODUCT_NAME = CloudFactory;
				SECTORDER_FLAGS = "";
				WARNING_CFLAGS = "";
				WM5_PATH = /Users/timothyluciani/Applications/GeometricTools/WildMagic5;
				YACCFLAGS = "-d";
			};
			name = Debug;
		};
		F084212E135A475600BC5D4A /* Release */ = {
			isa = XCBuildConfiguration;
			buildSettings = {
				BUILD_ROOT = /Users/timothyluciani/Dropbox/GIT/cloudfactory/prototypes/QtProj;
				COPY_PHASE_STRIP = YES;
				DYLIB_COMPATIBILITY_VERSION = 1.0;
				DYLIB_CURRENT_VERSION = 1.0.0;
				GCC_GENERATE_DEBUGGING_SYMBOLS = NO;
				HEADER_SEARCH_PATHS = (
					/Library/Frameworks/QtCore.framework/Versions/4/Headers,
					/usr/include/QtCore,
					/Library/Frameworks/QtGui.framework/Versions/4/Headers,
					/usr/include/QtGui,
					/Library/Frameworks/QtOpenGL.framework/Versions/4/Headers,
					/usr/include/QtOpenGL,
					/Library/Frameworks/QtXml.framework/Versions/4/Headers,
					/usr/include/QtXml,
					/usr/include,
					"$(WM5_PATH)/SDK/Include",
					.,
					/System/Library/Frameworks/OpenGL.framework/Versions/A/Headers,
					/System/Library/Frameworks/AGL.framework/Headers,
					tmp/moc,
					/usr/local/include,
					/System/Library/Frameworks/CarbonCore.framework/Headers,
					"/usr/local/Qt4.7/mkspecs/macx-xcode",
				);
				INFOPLIST_FILE = Info.plist;
				INSTALL_DIR = /Users/timothyluciani/Dropbox/GIT/cloudfactory/prototypes/QtProj/build/;
				LEXFLAGS = "";
				LIBRARY_SEARCH_PATHS = (
					/Library/Frameworks,
					"/tmp/qt-stuff-6474/source/qt-everywhere-opensource-src-4.7.0/lib",
					/System/Library/Frameworks/,
				);
				MACOSX_DEPLOYMENT_TARGET = 10.4;
				OBJROOT = tmp/obj/;
				OTHER_CFLAGS = (
					"-pipe",
					"-g",
					"-Wall",
					"-W",
					"-DQT_XML_LIB",
					"-DQT_OPENGL_LIB",
					"-DQT_GUI_LIB",
					"-DQT_CORE_LIB",
					"-DQT_SHARED",
				);
				OTHER_CPLUSPLUSFLAGS = (
					"-pipe",
					"-arch",
					i386,
					"-g",
					"-Wall",
					"-W",
					"-DQT_XML_LIB",
					"-DQT_OPENGL_LIB",
					"-DQT_GUI_LIB",
					"-DQT_CORE_LIB",
					"-DQT_SHARED",
				);
				OTHER_LDFLAGS = (
					"-headerpad_max_install_names",
					"-arch",
					i386,
					"-L/Library/Frameworks",
					"-F/Library/Frameworks",
					"-L/tmp/qt-stuff-6474/source/qt-everywhere-opensource-src-4.7.0/lib",
					"-F/tmp/qt-stuff-6474/source/qt-everywhere-opensource-src-4.7.0/lib",
					"$(WM5_PATH)/SDK/Library/Release/libWm5AglApplication.a",
					"$(WM5_PATH)/SDK/Library/Release/libWm5AglGraphics.a",
					"$(WM5_PATH)/SDK/Library/Release/libWm5Core.a",
					"$(WM5_PATH)/SDK/Library/Release/libWm5Mathematics.a",
					"$(WM5_PATH)/SDK/Library/Release/libWm5Physics.a",
				);
				OTHER_REZFLAGS = "";
				PREBINDING = NO;
				PRODUCT_NAME = CloudFactory;
				SECTORDER_FLAGS = "";
				WARNING_CFLAGS = "";
				WM5_PATH = /Users/timothyluciani/Applications/GeometricTools/WildMagic5;
				YACCFLAGS = "-d";
			};
			name = Release;
		};
		F084212F135A475600BC5D4A /* Default */ = {
			isa = XCBuildConfiguration;
			buildSettings = {
				BUILD_ROOT = /Users/timothyluciani/Dropbox/GIT/cloudfactory/prototypes/QtProj;
				DYLIB_COMPATIBILITY_VERSION = 1.0;
				DYLIB_CURRENT_VERSION = 1.0.0;
				HEADER_SEARCH_PATHS = (
					/Library/Frameworks/QtCore.framework/Versions/4/Headers,
					/usr/include/QtCore,
					/Library/Frameworks/QtGui.framework/Versions/4/Headers,
					/usr/include/QtGui,
					/Library/Frameworks/QtOpenGL.framework/Versions/4/Headers,
					/usr/include/QtOpenGL,
					/Library/Frameworks/QtXml.framework/Versions/4/Headers,
					/usr/include/QtXml,
					/usr/include,
					"$(WM5_PATH)/SDK/Include",
					.,
					/System/Library/Frameworks/OpenGL.framework/Versions/A/Headers,
					/System/Library/Frameworks/AGL.framework/Headers,
					tmp/moc,
					/usr/local/include,
					/System/Library/Frameworks/CarbonCore.framework/Headers,
					"/usr/local/Qt4.7/mkspecs/macx-xcode",
				);
				INFOPLIST_FILE = Info.plist;
				INSTALL_DIR = /Users/timothyluciani/Dropbox/GIT/cloudfactory/prototypes/QtProj/build/;
				LEXFLAGS = "";
				LIBRARY_SEARCH_PATHS = (
					/Library/Frameworks,
					"/tmp/qt-stuff-6474/source/qt-everywhere-opensource-src-4.7.0/lib",
					/System/Library/Frameworks/,
				);
				MACOSX_DEPLOYMENT_TARGET = 10.4;
				OBJROOT = tmp/obj/;
				OTHER_CFLAGS = (
					"-pipe",
					"-g",
					"-Wall",
					"-W",
					"-DQT_XML_LIB",
					"-DQT_OPENGL_LIB",
					"-DQT_GUI_LIB",
					"-DQT_CORE_LIB",
					"-DQT_SHARED",
				);
				OTHER_CPLUSPLUSFLAGS = (
					"-pipe",
					"-arch",
					i386,
					"-g",
					"-Wall",
					"-W",
					"-DQT_XML_LIB",
					"-DQT_OPENGL_LIB",
					"-DQT_GUI_LIB",
					"-DQT_CORE_LIB",
					"-DQT_SHARED",
				);
				OTHER_LDFLAGS = (
					"-headerpad_max_install_names",
					"-arch",
					i386,
					"-L/Library/Frameworks",
					"-F/Library/Frameworks",
					"-L/tmp/qt-stuff-6474/source/qt-everywhere-opensource-src-4.7.0/lib",
					"-F/tmp/qt-stuff-6474/source/qt-everywhere-opensource-src-4.7.0/lib",
					"$(WM5_PATH)/SDK/Library/Release/libWm5AglApplication.a",
					"$(WM5_PATH)/SDK/Library/Release/libWm5AglGraphics.a",
					"$(WM5_PATH)/SDK/Library/Release/libWm5Core.a",
					"$(WM5_PATH)/SDK/Library/Release/libWm5Mathematics.a",
					"$(WM5_PATH)/SDK/Library/Release/libWm5Physics.a",
				);
				OTHER_REZFLAGS = "";
				PREBINDING = NO;
				PRODUCT_NAME = CloudFactory;
				SECTORDER_FLAGS = "";
				WARNING_CFLAGS = "";
				WM5_PATH = /Users/timothyluciani/Applications/GeometricTools/WildMagic5;
				YACCFLAGS = "-d";
			};
			name = Default;
		};
/* End XCBuildConfiguration section */

/* Begin XCConfigurationList section */
		2A951308CDB28F104D0A4BD2 /* Build configuration list for PBXProject "CloudFactory" */ = {
			isa = XCConfigurationList;
			buildConfigurations = (
				8DB1DD96F65B1BF1FFC506E0 /* Debug */,
				95E1EB2E5DDD587BE5B3E548 /* Release */,
			);
			defaultConfigurationIsVisible = 0;
			defaultConfigurationName = Release;
		};
		F0842132135A477400BC5D4A /* Build configuration list for PBXNativeTarget "CloudFactory" */ = {
			isa = XCConfigurationList;
			buildConfigurations = (
				F084212D135A475600BC5D4A /* Debug */,
				F084212E135A475600BC5D4A /* Release */,
				F084212F135A475600BC5D4A /* Default */,
			);
			defaultConfigurationIsVisible = 0;
			defaultConfigurationName = Default;
		};
/* End XCConfigurationList section */
	};
	rootObject = 91B15E841AA80083484172DE /* Project object */;
}
