// !$*UTF8*$!
{
	archiveVersion = 1;
	classes = {
	};
	objectVersion = 44;
	objects = {

/* Begin PBXBuildFile section */
		3C6FBB33083E5FB60068AA05 /* AGL.framework in Frameworks */ = {isa = PBXBuildFile; fileRef = 3C6FBB32083E5FB60068AA05 /* AGL.framework */; };
		3C6FBB34083E5FB60068AA05 /* AGL.framework in Frameworks */ = {isa = PBXBuildFile; fileRef = 3C6FBB32083E5FB60068AA05 /* AGL.framework */; };
		3C6FBB46083E5FCE0068AA05 /* Carbon.framework in Frameworks */ = {isa = PBXBuildFile; fileRef = 3C6FBB45083E5FCE0068AA05 /* Carbon.framework */; };
		3C6FBB47083E5FCE0068AA05 /* Carbon.framework in Frameworks */ = {isa = PBXBuildFile; fileRef = 3C6FBB45083E5FCE0068AA05 /* Carbon.framework */; };
		3C6FBB4D083E5FE20068AA05 /* DrawSprocket.framework in Frameworks */ = {isa = PBXBuildFile; fileRef = 3C6FBB4C083E5FE20068AA05 /* DrawSprocket.framework */; };
		3C6FBB4E083E5FE20068AA05 /* DrawSprocket.framework in Frameworks */ = {isa = PBXBuildFile; fileRef = 3C6FBB4C083E5FE20068AA05 /* DrawSprocket.framework */; };
		3C6FBC6C083E6E1B0068AA05 /* OpenGL.framework in Frameworks */ = {isa = PBXBuildFile; fileRef = 3C6FBC6B083E6E1B0068AA05 /* OpenGL.framework */; };
		3C6FBC6D083E6E1B0068AA05 /* OpenGL.framework in Frameworks */ = {isa = PBXBuildFile; fileRef = 3C6FBC6B083E6E1B0068AA05 /* OpenGL.framework */; };
		3CC4FE4910FD1F4900C42DBB /* libWm5Cored.a in Frameworks */ = {isa = PBXBuildFile; fileRef = 3CC4FE4310FD1F4900C42DBB /* libWm5Cored.a */; };
		3CC4FE4A10FD1F4900C42DBB /* libWm5Physicsd.a in Frameworks */ = {isa = PBXBuildFile; fileRef = 3CC4FE4410FD1F4900C42DBB /* libWm5Physicsd.a */; };
		3CC4FE4B10FD1F4900C42DBB /* libWm5AglGraphicsd.a in Frameworks */ = {isa = PBXBuildFile; fileRef = 3CC4FE4510FD1F4900C42DBB /* libWm5AglGraphicsd.a */; };
		3CC4FE4C10FD1F4900C42DBB /* libWm5Mathematicsd.a in Frameworks */ = {isa = PBXBuildFile; fileRef = 3CC4FE4610FD1F4900C42DBB /* libWm5Mathematicsd.a */; };
		3CC4FE4D10FD1F4900C42DBB /* libWm5Imagicsd.a in Frameworks */ = {isa = PBXBuildFile; fileRef = 3CC4FE4710FD1F4900C42DBB /* libWm5Imagicsd.a */; };
		3CC4FE4E10FD1F4900C42DBB /* libWm5AglApplicationd.a in Frameworks */ = {isa = PBXBuildFile; fileRef = 3CC4FE4810FD1F4900C42DBB /* libWm5AglApplicationd.a */; };
		3CC4FE6110FD1F6600C42DBB /* libWm5AglApplication.a in Frameworks */ = {isa = PBXBuildFile; fileRef = 3CC4FE5510FD1F6600C42DBB /* libWm5AglApplication.a */; };
		3CC4FE6210FD1F6600C42DBB /* libWm5AglGraphics.a in Frameworks */ = {isa = PBXBuildFile; fileRef = 3CC4FE5610FD1F6600C42DBB /* libWm5AglGraphics.a */; };
		3CC4FE6310FD1F6600C42DBB /* libWm5Core.a in Frameworks */ = {isa = PBXBuildFile; fileRef = 3CC4FE5710FD1F6600C42DBB /* libWm5Core.a */; };
		3CC4FE6410FD1F6600C42DBB /* libWm5Imagics.a in Frameworks */ = {isa = PBXBuildFile; fileRef = 3CC4FE5810FD1F6600C42DBB /* libWm5Imagics.a */; };
		3CC4FE6510FD1F6600C42DBB /* libWm5Mathematics.a in Frameworks */ = {isa = PBXBuildFile; fileRef = 3CC4FE5910FD1F6600C42DBB /* libWm5Mathematics.a */; };
		3CC4FE6610FD1F6600C42DBB /* libWm5Physics.a in Frameworks */ = {isa = PBXBuildFile; fileRef = 3CC4FE5A10FD1F6600C42DBB /* libWm5Physics.a */; };
		DB7A85801353584A005361FB /* MetaballCanvas.cpp in Sources */ = {isa = PBXBuildFile; fileRef = DB7A857E1353584A005361FB /* MetaballCanvas.cpp */; };
		DBFCECEA1350D0010057368B /* marchingcubes.cpp in Sources */ = {isa = PBXBuildFile; fileRef = DBFCECE81350D0010057368B /* marchingcubes.cpp */; };
		F0ED317C1342BCB9004AF5D6 /* Background.cpp in Sources */ = {isa = PBXBuildFile; fileRef = F0ED317A1342BCB9004AF5D6 /* Background.cpp */; };
		F0ED317D1342BCB9004AF5D6 /* Background.cpp in Sources */ = {isa = PBXBuildFile; fileRef = F0ED317A1342BCB9004AF5D6 /* Background.cpp */; };
		F0ED31801342BCCD004AF5D6 /* BluePrintDetect.cpp in Sources */ = {isa = PBXBuildFile; fileRef = F0ED317E1342BCCD004AF5D6 /* BluePrintDetect.cpp */; };
		F0ED31811342BCCD004AF5D6 /* BluePrintDetect.cpp in Sources */ = {isa = PBXBuildFile; fileRef = F0ED317E1342BCCD004AF5D6 /* BluePrintDetect.cpp */; };
		F0ED31911342BCD7004AF5D6 /* Cannons.cpp in Sources */ = {isa = PBXBuildFile; fileRef = F0ED31821342BCD7004AF5D6 /* Cannons.cpp */; };
		F0ED31921342BCD7004AF5D6 /* Cannons.cpp in Sources */ = {isa = PBXBuildFile; fileRef = F0ED31821342BCD7004AF5D6 /* Cannons.cpp */; };
		F0ED31951342BCD7004AF5D6 /* CloudFactory.cpp in Sources */ = {isa = PBXBuildFile; fileRef = F0ED31861342BCD7004AF5D6 /* CloudFactory.cpp */; };
		F0ED31961342BCD7004AF5D6 /* CloudFactory.cpp in Sources */ = {isa = PBXBuildFile; fileRef = F0ED31861342BCD7004AF5D6 /* CloudFactory.cpp */; };
		F0ED31971342BCD7004AF5D6 /* Levels.cpp in Sources */ = {isa = PBXBuildFile; fileRef = F0ED31891342BCD7004AF5D6 /* Levels.cpp */; };
		F0ED31981342BCD7004AF5D6 /* Levels.cpp in Sources */ = {isa = PBXBuildFile; fileRef = F0ED31891342BCD7004AF5D6 /* Levels.cpp */; };
		F0ED31991342BCD7004AF5D6 /* Levels.txt in Resources */ = {isa = PBXBuildFile; fileRef = F0ED318B1342BCD7004AF5D6 /* Levels.txt */; };
		F0ED319A1342BCD7004AF5D6 /* Levels.txt in Resources */ = {isa = PBXBuildFile; fileRef = F0ED318B1342BCD7004AF5D6 /* Levels.txt */; };
		F0ED319B1342BCD7004AF5D6 /* marching_cube.cpp in Sources */ = {isa = PBXBuildFile; fileRef = F0ED318C1342BCD7004AF5D6 /* marching_cube.cpp */; };
		F0ED319C1342BCD7004AF5D6 /* marching_cube.cpp in Sources */ = {isa = PBXBuildFile; fileRef = F0ED318C1342BCD7004AF5D6 /* marching_cube.cpp */; };
		F0ED319D1342BCD7004AF5D6 /* Time_Counter.cpp in Sources */ = {isa = PBXBuildFile; fileRef = F0ED318F1342BCD7004AF5D6 /* Time_Counter.cpp */; };
		F0ED319E1342BCD7004AF5D6 /* Time_Counter.cpp in Sources */ = {isa = PBXBuildFile; fileRef = F0ED318F1342BCD7004AF5D6 /* Time_Counter.cpp */; };
		F0ED31BC1342BCE3004AF5D6 /* MtlLoader.cpp in Sources */ = {isa = PBXBuildFile; fileRef = F0ED31A81342BCE3004AF5D6 /* MtlLoader.cpp */; };
		F0ED31BD1342BCE3004AF5D6 /* MtlLoader.cpp in Sources */ = {isa = PBXBuildFile; fileRef = F0ED31A81342BCE3004AF5D6 /* MtlLoader.cpp */; };
		F0ED31BE1342BCE3004AF5D6 /* MtlLoader.inl in Resources */ = {isa = PBXBuildFile; fileRef = F0ED31AA1342BCE3004AF5D6 /* MtlLoader.inl */; };
		F0ED31BF1342BCE3004AF5D6 /* MtlLoader.inl in Resources */ = {isa = PBXBuildFile; fileRef = F0ED31AA1342BCE3004AF5D6 /* MtlLoader.inl */; };
		F0ED31C01342BCE3004AF5D6 /* MtlLoaderCodes.cpp in Sources */ = {isa = PBXBuildFile; fileRef = F0ED31AB1342BCE3004AF5D6 /* MtlLoaderCodes.cpp */; };
		F0ED31C11342BCE3004AF5D6 /* MtlLoaderCodes.cpp in Sources */ = {isa = PBXBuildFile; fileRef = F0ED31AB1342BCE3004AF5D6 /* MtlLoaderCodes.cpp */; };
		F0ED31C21342BCE3004AF5D6 /* ObjLoader.cpp in Sources */ = {isa = PBXBuildFile; fileRef = F0ED31AC1342BCE3004AF5D6 /* ObjLoader.cpp */; };
		F0ED31C31342BCE3004AF5D6 /* ObjLoader.cpp in Sources */ = {isa = PBXBuildFile; fileRef = F0ED31AC1342BCE3004AF5D6 /* ObjLoader.cpp */; };
		F0ED31C41342BCE3004AF5D6 /* ObjLoader.inl in Resources */ = {isa = PBXBuildFile; fileRef = F0ED31AE1342BCE3004AF5D6 /* ObjLoader.inl */; };
		F0ED31C51342BCE3004AF5D6 /* ObjLoader.inl in Resources */ = {isa = PBXBuildFile; fileRef = F0ED31AE1342BCE3004AF5D6 /* ObjLoader.inl */; };
		F0ED31C61342BCE3004AF5D6 /* ObjLoaderCodes.cpp in Sources */ = {isa = PBXBuildFile; fileRef = F0ED31AF1342BCE3004AF5D6 /* ObjLoaderCodes.cpp */; };
		F0ED31C71342BCE3004AF5D6 /* ObjLoaderCodes.cpp in Sources */ = {isa = PBXBuildFile; fileRef = F0ED31AF1342BCE3004AF5D6 /* ObjLoaderCodes.cpp */; };
/* End PBXBuildFile section */

/* Begin PBXFileReference section */
		3C6FBB32083E5FB60068AA05 /* AGL.framework */ = {isa = PBXFileReference; lastKnownFileType = wrapper.framework; name = AGL.framework; path = /System/Library/Frameworks/AGL.framework; sourceTree = "<absolute>"; };
		3C6FBB45083E5FCE0068AA05 /* Carbon.framework */ = {isa = PBXFileReference; lastKnownFileType = wrapper.framework; name = Carbon.framework; path = /System/Library/Frameworks/Carbon.framework; sourceTree = "<absolute>"; };
		3C6FBB4C083E5FE20068AA05 /* DrawSprocket.framework */ = {isa = PBXFileReference; lastKnownFileType = wrapper.framework; name = DrawSprocket.framework; path = /System/Library/Frameworks/DrawSprocket.framework; sourceTree = "<absolute>"; };
		3C6FBC6B083E6E1B0068AA05 /* OpenGL.framework */ = {isa = PBXFileReference; lastKnownFileType = wrapper.framework; name = OpenGL.framework; path = /System/Library/Frameworks/OpenGL.framework; sourceTree = "<absolute>"; };
		3CC4FE4310FD1F4900C42DBB /* libWm5Cored.a */ = {isa = PBXFileReference; lastKnownFileType = archive.ar; name = libWm5Cored.a; path = /Users/timothyluciani/Applications/GeometricTools/WildMagic5/SDK/Library/Debug/libWm5Cored.a; sourceTree = SOURCE_ROOT; };
		3CC4FE4410FD1F4900C42DBB /* libWm5Physicsd.a */ = {isa = PBXFileReference; lastKnownFileType = archive.ar; name = libWm5Physicsd.a; path = /Users/timothyluciani/Applications/GeometricTools/WildMagic5/SDK/Library/Debug/libWm5Physicsd.a; sourceTree = SOURCE_ROOT; };
		3CC4FE4510FD1F4900C42DBB /* libWm5AglGraphicsd.a */ = {isa = PBXFileReference; lastKnownFileType = archive.ar; name = libWm5AglGraphicsd.a; path = /Users/timothyluciani/Applications/GeometricTools/WildMagic5/SDK/Library/Debug/libWm5AglGraphicsd.a; sourceTree = SOURCE_ROOT; };
		3CC4FE4610FD1F4900C42DBB /* libWm5Mathematicsd.a */ = {isa = PBXFileReference; lastKnownFileType = archive.ar; name = libWm5Mathematicsd.a; path = /Users/timothyluciani/Applications/GeometricTools/WildMagic5/SDK/Library/Debug/libWm5Mathematicsd.a; sourceTree = SOURCE_ROOT; };
		3CC4FE4710FD1F4900C42DBB /* libWm5Imagicsd.a */ = {isa = PBXFileReference; lastKnownFileType = archive.ar; name = libWm5Imagicsd.a; path = /Users/timothyluciani/Applications/GeometricTools/WildMagic5/SDK/Library/Debug/libWm5Imagicsd.a; sourceTree = SOURCE_ROOT; };
		3CC4FE4810FD1F4900C42DBB /* libWm5AglApplicationd.a */ = {isa = PBXFileReference; lastKnownFileType = archive.ar; name = libWm5AglApplicationd.a; path = /Users/timothyluciani/Applications/GeometricTools/WildMagic5/SDK/Library/Debug/libWm5AglApplicationd.a; sourceTree = SOURCE_ROOT; };
		3CC4FE5510FD1F6600C42DBB /* libWm5AglApplication.a */ = {isa = PBXFileReference; lastKnownFileType = archive.ar; name = libWm5AglApplication.a; path = /Users/timothyluciani/Applications/GeometricTools/WildMagic5/SDK/Library/Release/libWm5AglApplication.a; sourceTree = SOURCE_ROOT; };
		3CC4FE5610FD1F6600C42DBB /* libWm5AglGraphics.a */ = {isa = PBXFileReference; lastKnownFileType = archive.ar; name = libWm5AglGraphics.a; path = /Users/timothyluciani/Applications/GeometricTools/WildMagic5/SDK/Library/Release/libWm5AglGraphics.a; sourceTree = SOURCE_ROOT; };
		3CC4FE5710FD1F6600C42DBB /* libWm5Core.a */ = {isa = PBXFileReference; lastKnownFileType = archive.ar; name = libWm5Core.a; path = /Users/timothyluciani/Applications/GeometricTools/WildMagic5/SDK/Library/Release/libWm5Core.a; sourceTree = SOURCE_ROOT; };
		3CC4FE5810FD1F6600C42DBB /* libWm5Imagics.a */ = {isa = PBXFileReference; lastKnownFileType = archive.ar; name = libWm5Imagics.a; path = /Users/timothyluciani/Applications/GeometricTools/WildMagic5/SDK/Library/Release/libWm5Imagics.a; sourceTree = SOURCE_ROOT; };
		3CC4FE5910FD1F6600C42DBB /* libWm5Mathematics.a */ = {isa = PBXFileReference; lastKnownFileType = archive.ar; name = libWm5Mathematics.a; path = /Users/timothyluciani/Applications/GeometricTools/WildMagic5/SDK/Library/Release/libWm5Mathematics.a; sourceTree = SOURCE_ROOT; };
		3CC4FE5A10FD1F6600C42DBB /* libWm5Physics.a */ = {isa = PBXFileReference; lastKnownFileType = archive.ar; name = libWm5Physics.a; path = /Users/timothyluciani/Applications/GeometricTools/WildMagic5/SDK/Library/Release/libWm5Physics.a; sourceTree = SOURCE_ROOT; };
		748AA4CC07F4624400486586 /* CloudFactorydAgl.app */ = {isa = PBXFileReference; explicitFileType = wrapper.application; includeInIndex = 0; path = CloudFactorydAgl.app; sourceTree = BUILT_PRODUCTS_DIR; };
		748AA4DA07F4631800486586 /* CloudFactoryAgl.app */ = {isa = PBXFileReference; explicitFileType = wrapper.application; includeInIndex = 0; path = CloudFactoryAgl.app; sourceTree = BUILT_PRODUCTS_DIR; };
		DB7A857E1353584A005361FB /* MetaballCanvas.cpp */ = {isa = PBXFileReference; fileEncoding = 4; lastKnownFileType = sourcecode.cpp.cpp; name = MetaballCanvas.cpp; path = src/MetaballCanvas.cpp; sourceTree = "<group>"; };
		DB7A857F1353584A005361FB /* MetaballCanvas.h */ = {isa = PBXFileReference; fileEncoding = 4; lastKnownFileType = sourcecode.c.h; name = MetaballCanvas.h; path = src/MetaballCanvas.h; sourceTree = "<group>"; };
		DBFCECE81350D0010057368B /* marchingcubes.cpp */ = {isa = PBXFileReference; fileEncoding = 4; lastKnownFileType = sourcecode.cpp.cpp; name = marchingcubes.cpp; path = src/marchingcubes.cpp; sourceTree = "<group>"; };
		DBFCECE91350D0010057368B /* marchingcubes.hpp */ = {isa = PBXFileReference; fileEncoding = 4; lastKnownFileType = sourcecode.cpp.h; name = marchingcubes.hpp; path = src/marchingcubes.hpp; sourceTree = "<group>"; };
		F0ED317A1342BCB9004AF5D6 /* Background.cpp */ = {isa = PBXFileReference; fileEncoding = 4; lastKnownFileType = sourcecode.cpp.cpp; name = Background.cpp; path = src/Background.cpp; sourceTree = "<group>"; };
		F0ED317B1342BCB9004AF5D6 /* Background.h */ = {isa = PBXFileReference; fileEncoding = 4; lastKnownFileType = sourcecode.c.h; name = Background.h; path = src/Background.h; sourceTree = "<group>"; };
		F0ED317E1342BCCD004AF5D6 /* BluePrintDetect.cpp */ = {isa = PBXFileReference; fileEncoding = 4; lastKnownFileType = sourcecode.cpp.cpp; name = BluePrintDetect.cpp; path = src/BluePrintDetect.cpp; sourceTree = "<group>"; };
		F0ED317F1342BCCD004AF5D6 /* BluePrintDetect.h */ = {isa = PBXFileReference; fileEncoding = 4; lastKnownFileType = sourcecode.c.h; name = BluePrintDetect.h; path = src/BluePrintDetect.h; sourceTree = "<group>"; };
		F0ED31821342BCD7004AF5D6 /* Cannons.cpp */ = {isa = PBXFileReference; fileEncoding = 4; lastKnownFileType = sourcecode.cpp.cpp; name = Cannons.cpp; path = src/Cannons.cpp; sourceTree = "<group>"; };
		F0ED31831342BCD7004AF5D6 /* Cannons.h */ = {isa = PBXFileReference; fileEncoding = 4; lastKnownFileType = sourcecode.c.h; name = Cannons.h; path = src/Cannons.h; sourceTree = "<group>"; };
		F0ED31861342BCD7004AF5D6 /* CloudFactory.cpp */ = {isa = PBXFileReference; fileEncoding = 4; lastKnownFileType = sourcecode.cpp.cpp; name = CloudFactory.cpp; path = src/CloudFactory.cpp; sourceTree = "<group>"; };
		F0ED31871342BCD7004AF5D6 /* CloudFactory.h */ = {isa = PBXFileReference; fileEncoding = 4; lastKnownFileType = sourcecode.c.h; name = CloudFactory.h; path = src/CloudFactory.h; sourceTree = "<group>"; };
		F0ED31881342BCD7004AF5D6 /* CloudModel.h */ = {isa = PBXFileReference; fileEncoding = 4; lastKnownFileType = sourcecode.c.h; name = CloudModel.h; path = src/CloudModel.h; sourceTree = "<group>"; };
		F0ED31891342BCD7004AF5D6 /* Levels.cpp */ = {isa = PBXFileReference; fileEncoding = 4; lastKnownFileType = sourcecode.cpp.cpp; name = Levels.cpp; path = src/Levels.cpp; sourceTree = "<group>"; };
		F0ED318A1342BCD7004AF5D6 /* Levels.h */ = {isa = PBXFileReference; fileEncoding = 4; lastKnownFileType = sourcecode.c.h; name = Levels.h; path = src/Levels.h; sourceTree = "<group>"; };
		F0ED318B1342BCD7004AF5D6 /* Levels.txt */ = {isa = PBXFileReference; fileEncoding = 4; lastKnownFileType = text; name = Levels.txt; path = src/Levels.txt; sourceTree = "<group>"; };
		F0ED318C1342BCD7004AF5D6 /* marching_cube.cpp */ = {isa = PBXFileReference; fileEncoding = 4; lastKnownFileType = sourcecode.cpp.cpp; name = marching_cube.cpp; path = src/marching_cube.cpp; sourceTree = "<group>"; };
		F0ED318D1342BCD7004AF5D6 /* marching_cube.h */ = {isa = PBXFileReference; fileEncoding = 4; lastKnownFileType = sourcecode.c.h; name = marching_cube.h; path = src/marching_cube.h; sourceTree = "<group>"; };
		F0ED318E1342BCD7004AF5D6 /* Metaballs.h */ = {isa = PBXFileReference; fileEncoding = 4; lastKnownFileType = sourcecode.c.h; name = Metaballs.h; path = src/Metaballs.h; sourceTree = "<group>"; };
		F0ED318F1342BCD7004AF5D6 /* Time_Counter.cpp */ = {isa = PBXFileReference; fileEncoding = 4; lastKnownFileType = sourcecode.cpp.cpp; name = Time_Counter.cpp; path = src/Time_Counter.cpp; sourceTree = "<group>"; };
		F0ED31901342BCD7004AF5D6 /* Time_Counter.h */ = {isa = PBXFileReference; fileEncoding = 4; lastKnownFileType = sourcecode.c.h; name = Time_Counter.h; path = src/Time_Counter.h; sourceTree = "<group>"; };
		F0ED31A81342BCE3004AF5D6 /* MtlLoader.cpp */ = {isa = PBXFileReference; fileEncoding = 4; lastKnownFileType = sourcecode.cpp.cpp; path = MtlLoader.cpp; sourceTree = "<group>"; };
		F0ED31A91342BCE3004AF5D6 /* MtlLoader.h */ = {isa = PBXFileReference; fileEncoding = 4; lastKnownFileType = sourcecode.c.h; path = MtlLoader.h; sourceTree = "<group>"; };
		F0ED31AA1342BCE3004AF5D6 /* MtlLoader.inl */ = {isa = PBXFileReference; fileEncoding = 4; lastKnownFileType = text; path = MtlLoader.inl; sourceTree = "<group>"; };
		F0ED31AB1342BCE3004AF5D6 /* MtlLoaderCodes.cpp */ = {isa = PBXFileReference; fileEncoding = 4; lastKnownFileType = sourcecode.cpp.cpp; path = MtlLoaderCodes.cpp; sourceTree = "<group>"; };
		F0ED31AC1342BCE3004AF5D6 /* ObjLoader.cpp */ = {isa = PBXFileReference; fileEncoding = 4; lastKnownFileType = sourcecode.cpp.cpp; path = ObjLoader.cpp; sourceTree = "<group>"; };
		F0ED31AD1342BCE3004AF5D6 /* ObjLoader.h */ = {isa = PBXFileReference; fileEncoding = 4; lastKnownFileType = sourcecode.c.h; path = ObjLoader.h; sourceTree = "<group>"; };
		F0ED31AE1342BCE3004AF5D6 /* ObjLoader.inl */ = {isa = PBXFileReference; fileEncoding = 4; lastKnownFileType = text; path = ObjLoader.inl; sourceTree = "<group>"; };
		F0ED31AF1342BCE3004AF5D6 /* ObjLoaderCodes.cpp */ = {isa = PBXFileReference; fileEncoding = 4; lastKnownFileType = sourcecode.cpp.cpp; path = ObjLoaderCodes.cpp; sourceTree = "<group>"; };
/* End PBXFileReference section */

/* Begin PBXFrameworksBuildPhase section */
		748AA4CA07F4624400486586 /* Frameworks */ = {
			isa = PBXFrameworksBuildPhase;
			buildActionMask = 2147483647;
			files = (
				3C6FBB33083E5FB60068AA05 /* AGL.framework in Frameworks */,
				3C6FBB46083E5FCE0068AA05 /* Carbon.framework in Frameworks */,
				3C6FBB4D083E5FE20068AA05 /* DrawSprocket.framework in Frameworks */,
				3C6FBC6C083E6E1B0068AA05 /* OpenGL.framework in Frameworks */,
				3CC4FE4910FD1F4900C42DBB /* libWm5Cored.a in Frameworks */,
				3CC4FE4A10FD1F4900C42DBB /* libWm5Physicsd.a in Frameworks */,
				3CC4FE4B10FD1F4900C42DBB /* libWm5AglGraphicsd.a in Frameworks */,
				3CC4FE4C10FD1F4900C42DBB /* libWm5Mathematicsd.a in Frameworks */,
				3CC4FE4D10FD1F4900C42DBB /* libWm5Imagicsd.a in Frameworks */,
				3CC4FE4E10FD1F4900C42DBB /* libWm5AglApplicationd.a in Frameworks */,
			);
			runOnlyForDeploymentPostprocessing = 0;
		};
		748AA4D807F4631800486586 /* Frameworks */ = {
			isa = PBXFrameworksBuildPhase;
			buildActionMask = 2147483647;
			files = (
				3C6FBB34083E5FB60068AA05 /* AGL.framework in Frameworks */,
				3C6FBB47083E5FCE0068AA05 /* Carbon.framework in Frameworks */,
				3C6FBB4E083E5FE20068AA05 /* DrawSprocket.framework in Frameworks */,
				3C6FBC6D083E6E1B0068AA05 /* OpenGL.framework in Frameworks */,
				3CC4FE6110FD1F6600C42DBB /* libWm5AglApplication.a in Frameworks */,
				3CC4FE6210FD1F6600C42DBB /* libWm5AglGraphics.a in Frameworks */,
				3CC4FE6310FD1F6600C42DBB /* libWm5Core.a in Frameworks */,
				3CC4FE6410FD1F6600C42DBB /* libWm5Imagics.a in Frameworks */,
				3CC4FE6510FD1F6600C42DBB /* libWm5Mathematics.a in Frameworks */,
				3CC4FE6610FD1F6600C42DBB /* libWm5Physics.a in Frameworks */,
			);
			runOnlyForDeploymentPostprocessing = 0;
		};
/* End PBXFrameworksBuildPhase section */

/* Begin PBXGroup section */
		7432C2B407F8766A00ABC141 /* Debug */ = {
			isa = PBXGroup;
			children = (
				3CC4FE4310FD1F4900C42DBB /* libWm5Cored.a */,
				3CC4FE4410FD1F4900C42DBB /* libWm5Physicsd.a */,
				3CC4FE4510FD1F4900C42DBB /* libWm5AglGraphicsd.a */,
				3CC4FE4610FD1F4900C42DBB /* libWm5Mathematicsd.a */,
				3CC4FE4710FD1F4900C42DBB /* libWm5Imagicsd.a */,
				3CC4FE4810FD1F4900C42DBB /* libWm5AglApplicationd.a */,
			);
			name = Debug;
			sourceTree = "<group>";
		};
		7432C2B707F8767000ABC141 /* Release */ = {
			isa = PBXGroup;
			children = (
				3CC4FE5510FD1F6600C42DBB /* libWm5AglApplication.a */,
				3CC4FE5610FD1F6600C42DBB /* libWm5AglGraphics.a */,
				3CC4FE5710FD1F6600C42DBB /* libWm5Core.a */,
				3CC4FE5810FD1F6600C42DBB /* libWm5Imagics.a */,
				3CC4FE5910FD1F6600C42DBB /* libWm5Mathematics.a */,
				3CC4FE5A10FD1F6600C42DBB /* libWm5Physics.a */,
			);
			name = Release;
			sourceTree = "<group>";
		};
		748AA4BE07F4621A00486586 = {
			isa = PBXGroup;
			children = (
				F0ED319F1342BCE3004AF5D6 /* OBJ */,
				748AA50C07F465A200486586 /* Sources */,
				748AA4F707F4641600486586 /* Libraries */,
				748AA4E207F463F300486586 /* Frameworks */,
				748AA4CD07F4624400486586 /* Products */,
			);
			sourceTree = "<group>";
		};
		748AA4CD07F4624400486586 /* Products */ = {
			isa = PBXGroup;
			children = (
				748AA4CC07F4624400486586 /* CloudFactorydAgl.app */,
				748AA4DA07F4631800486586 /* CloudFactoryAgl.app */,
			);
			name = Products;
			sourceTree = "<group>";
		};
		748AA4E207F463F300486586 /* Frameworks */ = {
			isa = PBXGroup;
			children = (
				3C6FBC6B083E6E1B0068AA05 /* OpenGL.framework */,
				3C6FBB4C083E5FE20068AA05 /* DrawSprocket.framework */,
				3C6FBB45083E5FCE0068AA05 /* Carbon.framework */,
				3C6FBB32083E5FB60068AA05 /* AGL.framework */,
			);
			name = Frameworks;
			sourceTree = "<group>";
		};
		748AA4F707F4641600486586 /* Libraries */ = {
			isa = PBXGroup;
			children = (
				7432C2B407F8766A00ABC141 /* Debug */,
				7432C2B707F8767000ABC141 /* Release */,
			);
			name = Libraries;
			sourceTree = SOURCE_ROOT;
		};
		748AA50C07F465A200486586 /* Sources */ = {
			isa = PBXGroup;
			children = (
				DB7A857E1353584A005361FB /* MetaballCanvas.cpp */,
				DB7A857F1353584A005361FB /* MetaballCanvas.h */,
				DBFCECE81350D0010057368B /* marchingcubes.cpp */,
				DBFCECE91350D0010057368B /* marchingcubes.hpp */,
				F0ED31821342BCD7004AF5D6 /* Cannons.cpp */,
				F0ED31831342BCD7004AF5D6 /* Cannons.h */,
				F0ED31861342BCD7004AF5D6 /* CloudFactory.cpp */,
				F0ED31871342BCD7004AF5D6 /* CloudFactory.h */,
				F0ED31881342BCD7004AF5D6 /* CloudModel.h */,
				F0ED31891342BCD7004AF5D6 /* Levels.cpp */,
				F0ED318A1342BCD7004AF5D6 /* Levels.h */,
				F0ED318B1342BCD7004AF5D6 /* Levels.txt */,
				F0ED318C1342BCD7004AF5D6 /* marching_cube.cpp */,
				F0ED318D1342BCD7004AF5D6 /* marching_cube.h */,
				F0ED318E1342BCD7004AF5D6 /* Metaballs.h */,
				F0ED318F1342BCD7004AF5D6 /* Time_Counter.cpp */,
				F0ED31901342BCD7004AF5D6 /* Time_Counter.h */,
				F0ED317E1342BCCD004AF5D6 /* BluePrintDetect.cpp */,
				F0ED317F1342BCCD004AF5D6 /* BluePrintDetect.h */,
				F0ED317A1342BCB9004AF5D6 /* Background.cpp */,
				F0ED317B1342BCB9004AF5D6 /* Background.h */,
			);
			name = Sources;
			sourceTree = "<group>";
		};
		F0ED319F1342BCE3004AF5D6 /* OBJ */ = {
			isa = PBXGroup;
			children = (
				F0ED31A81342BCE3004AF5D6 /* MtlLoader.cpp */,
				F0ED31A91342BCE3004AF5D6 /* MtlLoader.h */,
				F0ED31AA1342BCE3004AF5D6 /* MtlLoader.inl */,
				F0ED31AB1342BCE3004AF5D6 /* MtlLoaderCodes.cpp */,
				F0ED31AC1342BCE3004AF5D6 /* ObjLoader.cpp */,
				F0ED31AD1342BCE3004AF5D6 /* ObjLoader.h */,
				F0ED31AE1342BCE3004AF5D6 /* ObjLoader.inl */,
				F0ED31AF1342BCE3004AF5D6 /* ObjLoaderCodes.cpp */,
			);
			path = OBJ;
			sourceTree = "<group>";
		};
/* End PBXGroup section */

/* Begin PBXNativeTarget section */
		748AA4CB07F4624400486586 /* Agl Debug Static */ = {
			isa = PBXNativeTarget;
			buildConfigurationList = 3C4B939708674C10001A085C /* Build configuration list for PBXNativeTarget "Agl Debug Static" */;
			buildPhases = (
				748AA4C807F4624400486586 /* Resources */,
				748AA4C907F4624400486586 /* Sources */,
				748AA4CA07F4624400486586 /* Frameworks */,
			);
			buildRules = (
			);
			dependencies = (
			);
			name = "Agl Debug Static";
			productName = CloudFactoryStaDeb;
			productReference = 748AA4CC07F4624400486586 /* CloudFactorydAgl.app */;
			productType = "com.apple.product-type.application";
		};
		748AA4D907F4631800486586 /* Agl Release Static */ = {
			isa = PBXNativeTarget;
			buildConfigurationList = 3C4B939A08674C10001A085C /* Build configuration list for PBXNativeTarget "Agl Release Static" */;
			buildPhases = (
				748AA4D607F4631800486586 /* Resources */,
				748AA4D707F4631800486586 /* Sources */,
				748AA4D807F4631800486586 /* Frameworks */,
			);
			buildRules = (
			);
			dependencies = (
			);
			name = "Agl Release Static";
			productName = CloudFactoryStaRel;
			productReference = 748AA4DA07F4631800486586 /* CloudFactoryAgl.app */;
			productType = "com.apple.product-type.application";
		};
/* End PBXNativeTarget section */

/* Begin PBXProject section */
		748AA4C207F4621A00486586 /* Project object */ = {
			isa = PBXProject;
			buildConfigurationList = 3C4B93AC08674C10001A085C /* Build configuration list for PBXProject "CloudFactory" */;
			compatibilityVersion = "Xcode 3.0";
			developmentRegion = English;
			hasScannedForEncodings = 0;
			knownRegions = (
				en,
			);
			mainGroup = 748AA4BE07F4621A00486586;
			productRefGroup = 748AA4CD07F4624400486586 /* Products */;
			projectDirPath = "";
			projectRoot = "";
			targets = (
				748AA4CB07F4624400486586 /* Agl Debug Static */,
				748AA4D907F4631800486586 /* Agl Release Static */,
			);
		};
/* End PBXProject section */

/* Begin PBXResourcesBuildPhase section */
		748AA4C807F4624400486586 /* Resources */ = {
			isa = PBXResourcesBuildPhase;
			buildActionMask = 2147483647;
			files = (
				F0ED31991342BCD7004AF5D6 /* Levels.txt in Resources */,
				F0ED31BE1342BCE3004AF5D6 /* MtlLoader.inl in Resources */,
				F0ED31C41342BCE3004AF5D6 /* ObjLoader.inl in Resources */,
			);
			runOnlyForDeploymentPostprocessing = 0;
		};
		748AA4D607F4631800486586 /* Resources */ = {
			isa = PBXResourcesBuildPhase;
			buildActionMask = 2147483647;
			files = (
				F0ED319A1342BCD7004AF5D6 /* Levels.txt in Resources */,
				F0ED31BF1342BCE3004AF5D6 /* MtlLoader.inl in Resources */,
				F0ED31C51342BCE3004AF5D6 /* ObjLoader.inl in Resources */,
			);
			runOnlyForDeploymentPostprocessing = 0;
		};
/* End PBXResourcesBuildPhase section */

/* Begin PBXSourcesBuildPhase section */
		748AA4C907F4624400486586 /* Sources */ = {
			isa = PBXSourcesBuildPhase;
			buildActionMask = 2147483647;
			files = (
				F0ED317C1342BCB9004AF5D6 /* Background.cpp in Sources */,
				F0ED31801342BCCD004AF5D6 /* BluePrintDetect.cpp in Sources */,
				F0ED31911342BCD7004AF5D6 /* Cannons.cpp in Sources */,
				F0ED31951342BCD7004AF5D6 /* CloudFactory.cpp in Sources */,
				F0ED31971342BCD7004AF5D6 /* Levels.cpp in Sources */,
				F0ED319B1342BCD7004AF5D6 /* marching_cube.cpp in Sources */,
				F0ED319D1342BCD7004AF5D6 /* Time_Counter.cpp in Sources */,
				F0ED31BC1342BCE3004AF5D6 /* MtlLoader.cpp in Sources */,
				F0ED31C01342BCE3004AF5D6 /* MtlLoaderCodes.cpp in Sources */,
				F0ED31C21342BCE3004AF5D6 /* ObjLoader.cpp in Sources */,
				F0ED31C61342BCE3004AF5D6 /* ObjLoaderCodes.cpp in Sources */,
				DBFCECEA1350D0010057368B /* marchingcubes.cpp in Sources */,
				DB7A85801353584A005361FB /* MetaballCanvas.cpp in Sources */,
			);
			runOnlyForDeploymentPostprocessing = 0;
		};
		748AA4D707F4631800486586 /* Sources */ = {
			isa = PBXSourcesBuildPhase;
			buildActionMask = 2147483647;
			files = (
				F0ED317D1342BCB9004AF5D6 /* Background.cpp in Sources */,
				F0ED31811342BCCD004AF5D6 /* BluePrintDetect.cpp in Sources */,
				F0ED31921342BCD7004AF5D6 /* Cannons.cpp in Sources */,
				F0ED31961342BCD7004AF5D6 /* CloudFactory.cpp in Sources */,
				F0ED31981342BCD7004AF5D6 /* Levels.cpp in Sources */,
				F0ED319C1342BCD7004AF5D6 /* marching_cube.cpp in Sources */,
				F0ED319E1342BCD7004AF5D6 /* Time_Counter.cpp in Sources */,
				F0ED31BD1342BCE3004AF5D6 /* MtlLoader.cpp in Sources */,
				F0ED31C11342BCE3004AF5D6 /* MtlLoaderCodes.cpp in Sources */,
				F0ED31C31342BCE3004AF5D6 /* ObjLoader.cpp in Sources */,
				F0ED31C71342BCE3004AF5D6 /* ObjLoaderCodes.cpp in Sources */,
			);
			runOnlyForDeploymentPostprocessing = 0;
		};
/* End PBXSourcesBuildPhase section */

/* Begin XCBuildConfiguration section */
		3C4B939908674C10001A085C /* Default */ = {
			isa = XCBuildConfiguration;
			buildSettings = {
				COPY_PHASE_STRIP = NO;
				DEAD_CODE_STRIPPING = YES;
				GCC_ENABLE_CPP_RTTI = NO;
				GCC_INLINES_ARE_PRIVATE_EXTERN = NO;
				GCC_OPTIMIZATION_LEVEL = 0;
				GCC_PREPROCESSOR_DEFINITIONS = (
					_DEBUG,
					WM5_USE_OPENGL,
				);
				GCC_SYMBOLS_PRIVATE_EXTERN = NO;
				HEADER_SEARCH_PATHS = "${WM5_PATH}/SDK/Include";
				LIBRARY_SEARCH_PATHS = "${WM5_PATH}/SDK/Library/Debug";
				PRESERVE_DEAD_CODE_INITS_AND_TERMS = YES;
				PRODUCT_NAME = CloudFactorydAgl;
				WARNING_CFLAGS = (
					"-Wmost",
					"-Wno-four-char-constants",
					"-Wno-unknown-pragmas",
				);
			};
			name = Default;
		};
		3C4B939C08674C10001A085C /* Default */ = {
			isa = XCBuildConfiguration;
			buildSettings = {
				DEAD_CODE_STRIPPING = YES;
				GCC_ENABLE_CPP_RTTI = NO;
				GCC_GENERATE_DEBUGGING_SYMBOLS = NO;
				GCC_INLINES_ARE_PRIVATE_EXTERN = NO;
				GCC_OPTIMIZATION_LEVEL = s;
				GCC_PREPROCESSOR_DEFINITIONS = (
					NDEBUG,
					WM5_USE_OPENGL,
				);
				GCC_SYMBOLS_PRIVATE_EXTERN = NO;
				HEADER_SEARCH_PATHS = "${WM5_PATH}/SDK/Include";
				LIBRARY_SEARCH_PATHS = "${WM5_PATH}/SDK/Library/Release";
				PRESERVE_DEAD_CODE_INITS_AND_TERMS = YES;
				PRODUCT_NAME = CloudFactoryAgl;
				WARNING_CFLAGS = (
					"-Wmost",
					"-Wno-four-char-constants",
					"-Wno-unknown-pragmas",
				);
			};
			name = Default;
		};
		3C4B93AE08674C10001A085C /* Default */ = {
			isa = XCBuildConfiguration;
			buildSettings = {
				GCC_INLINES_ARE_PRIVATE_EXTERN = NO;
				GCC_SYMBOLS_PRIVATE_EXTERN = NO;
			};
			name = Default;
		};
/* End XCBuildConfiguration section */

/* Begin XCConfigurationList section */
		3C4B939708674C10001A085C /* Build configuration list for PBXNativeTarget "Agl Debug Static" */ = {
			isa = XCConfigurationList;
			buildConfigurations = (
				3C4B939908674C10001A085C /* Default */,
			);
			defaultConfigurationIsVisible = 0;
			defaultConfigurationName = Default;
		};
		3C4B939A08674C10001A085C /* Build configuration list for PBXNativeTarget "Agl Release Static" */ = {
			isa = XCConfigurationList;
			buildConfigurations = (
				3C4B939C08674C10001A085C /* Default */,
			);
			defaultConfigurationIsVisible = 0;
			defaultConfigurationName = Default;
		};
		3C4B93AC08674C10001A085C /* Build configuration list for PBXProject "CloudFactory" */ = {
			isa = XCConfigurationList;
			buildConfigurations = (
				3C4B93AE08674C10001A085C /* Default */,
			);
			defaultConfigurationIsVisible = 0;
			defaultConfigurationName = Default;
		};
/* End XCConfigurationList section */
	};
	rootObject = 748AA4C207F4621A00486586 /* Project object */;
}
